
Microsoft Visual Studio Solution File, Format Version 12.00
# Visual Studio Version 16
VisualStudioVersion = 16.0.31105.61
MinimumVisualStudioVersion = 10.0.40219.1
Project("{FAE04EC0-301F-11D3-BF4B-00C04F79EFBC}") = "UassetReaderWithGui", "UassetReaderWithGui\UassetReaderWithGui.csproj", "{39EC5338-4A0B-48DC-ABEA-376E5B759DF1}"
	ProjectSection(ProjectDependencies) = postProject
		{91C5058C-7030-4C12-B770-E95C78F155BE} = {91C5058C-7030-4C12-B770-E95C78F155BE}
	EndProjectSection
EndProject
Project("{FAE04EC0-301F-11D3-BF4B-00C04F79EFBC}") = "UassetLib", "..\UassetLib\UassetLib\UassetLib.csproj", "{91C5058C-7030-4C12-B770-E95C78F155BE}"
EndProject
Global
	GlobalSection(SolutionConfigurationPlatforms) = preSolution
		Debug|Any CPU = Debug|Any CPU
		Release|Any CPU = Release|Any CPU
	EndGlobalSection
	GlobalSection(ProjectConfigurationPlatforms) = postSolution
		{39EC5338-4A0B-48DC-ABEA-376E5B759DF1}.Debug|Any CPU.ActiveCfg = Debug|Any CPU
		{39EC5338-4A0B-48DC-ABEA-376E5B759DF1}.Debug|Any CPU.Build.0 = Debug|Any CPU
		{39EC5338-4A0B-48DC-ABEA-376E5B759DF1}.Release|Any CPU.ActiveCfg = Release|Any CPU
		{39EC5338-4A0B-48DC-ABEA-376E5B759DF1}.Release|Any CPU.Build.0 = Release|Any CPU
		{91C5058C-7030-4C12-B770-E95C78F155BE}.Debug|Any CPU.ActiveCfg = Debug|Any CPU
		{91C5058C-7030-4C12-B770-E95C78F155BE}.Debug|Any CPU.Build.0 = Debug|Any CPU
		{91C5058C-7030-4C12-B770-E95C78F155BE}.Release|Any CPU.ActiveCfg = Release|Any CPU
		{91C5058C-7030-4C12-B770-E95C78F155BE}.Release|Any CPU.Build.0 = Release|Any CPU
	EndGlobalSection
	GlobalSection(SolutionProperties) = preSolution
		HideSolutionNode = FALSE
	EndGlobalSection
	GlobalSection(ExtensibilityGlobals) = postSolution
		SolutionGuid = {D093A932-7499-4EA8-A9AE-8942DEA03DE2}
	EndGlobalSection
EndGlobal
